// !$*UTF8*$!
{
	archiveVersion = 1;
	classes = {
	};
	objectVersion = 48;
	objects = {

/* Begin PBXBuildFile section */
		069B711E9597247B124E00A1 /* Pods_Game_customer_AppTests.framework in Frameworks */ = {isa = PBXBuildFile; fileRef = 03210BE68B8BE36D50E5B2BF /* Pods_Game_customer_AppTests.framework */; };
		57037600DC47FF6429F17192 /* Pods_Game_customer_AppUITests.framework in Frameworks */ = {isa = PBXBuildFile; fileRef = C277E75A1B42851244B438A3 /* Pods_Game_customer_AppUITests.framework */; };
		B3667227206FBECC00DBA973 /* NoInternet.xib in Resources */ = {isa = PBXBuildFile; fileRef = B3667225206FBECC00DBA973 /* NoInternet.xib */; };
		B370EDB6206D98600078C388 /* Constants.swift in Sources */ = {isa = PBXBuildFile; fileRef = B370EDB5206D98600078C388 /* Constants.swift */; };
		B370EDB7206D9B540078C388 /* Roboto-Light.ttf in Resources */ = {isa = PBXBuildFile; fileRef = B3772C39206D9221005B7FFF /* Roboto-Light.ttf */; };
		B370EDB8206D9B570078C388 /* Roboto-Bold.ttf in Resources */ = {isa = PBXBuildFile; fileRef = B3772C38206D9221005B7FFF /* Roboto-Bold.ttf */; };
		B370EDBA206D9D620078C388 /* GameWalletViewController.swift in Sources */ = {isa = PBXBuildFile; fileRef = B370EDB9206D9D620078C388 /* GameWalletViewController.swift */; };
		B3772BF5206ADC4D005B7FFF /* AppDelegate.swift in Sources */ = {isa = PBXBuildFile; fileRef = B3772BF4206ADC4D005B7FFF /* AppDelegate.swift */; };
		B3772BF7206ADC4D005B7FFF /* ViewController.swift in Sources */ = {isa = PBXBuildFile; fileRef = B3772BF6206ADC4D005B7FFF /* ViewController.swift */; };
		B3772BFA206ADC4D005B7FFF /* Main.storyboard in Resources */ = {isa = PBXBuildFile; fileRef = B3772BF8206ADC4D005B7FFF /* Main.storyboard */; };
		B3772BFC206ADC4D005B7FFF /* Assets.xcassets in Resources */ = {isa = PBXBuildFile; fileRef = B3772BFB206ADC4D005B7FFF /* Assets.xcassets */; };
		B3772BFF206ADC4D005B7FFF /* LaunchScreen.storyboard in Resources */ = {isa = PBXBuildFile; fileRef = B3772BFD206ADC4D005B7FFF /* LaunchScreen.storyboard */; };
		B3772C0A206ADC4D005B7FFF /* Game_customer_AppTests.swift in Sources */ = {isa = PBXBuildFile; fileRef = B3772C09206ADC4D005B7FFF /* Game_customer_AppTests.swift */; };
		B3772C15206ADC4D005B7FFF /* Game_customer_AppUITests.swift in Sources */ = {isa = PBXBuildFile; fileRef = B3772C14206ADC4D005B7FFF /* Game_customer_AppUITests.swift */; };
		B3772C26206ADCEA005B7FFF /* MyriadPro-Bold.otf in Resources */ = {isa = PBXBuildFile; fileRef = B3772C22206ADCEA005B7FFF /* MyriadPro-Bold.otf */; };
		B3772C27206ADCEA005B7FFF /* Myriad Pro Regular.ttf in Resources */ = {isa = PBXBuildFile; fileRef = B3772C23206ADCEA005B7FFF /* Myriad Pro Regular.ttf */; };
		B3772C28206ADCEA005B7FFF /* Oswald-Light.ttf in Resources */ = {isa = PBXBuildFile; fileRef = B3772C24206ADCEA005B7FFF /* Oswald-Light.ttf */; };
		B3772C29206ADCEA005B7FFF /* Oswald-Regular.ttf in Resources */ = {isa = PBXBuildFile; fileRef = B3772C25206ADCEA005B7FFF /* Oswald-Regular.ttf */; };
		B3772C2B206ADCF9005B7FFF /* Checker.swift in Sources */ = {isa = PBXBuildFile; fileRef = B3772C2A206ADCF9005B7FFF /* Checker.swift */; };
		B3772C2E206ADD59005B7FFF /* NetworkManager.swift in Sources */ = {isa = PBXBuildFile; fileRef = B3772C2D206ADD59005B7FFF /* NetworkManager.swift */; };
		B3772C37206AE1E1005B7FFF /* Objects.swift in Sources */ = {isa = PBXBuildFile; fileRef = B3772C36206AE1E1005B7FFF /* Objects.swift */; };
		D261A833DC4CF876CB347888 /* Pods_Game_customer_App.framework in Frameworks */ = {isa = PBXBuildFile; fileRef = 45915ED811F440798C6E60D9 /* Pods_Game_customer_App.framework */; };
		F10FC10F206D6FF40064BD39 /* NFCReader.swift in Sources */ = {isa = PBXBuildFile; fileRef = F10FC10E206D6FF40064BD39 /* NFCReader.swift */; };
		F10FC111206D77410064BD39 /* SignInViewController.swift in Sources */ = {isa = PBXBuildFile; fileRef = F10FC110206D77410064BD39 /* SignInViewController.swift */; };
		F10FC119206E89620064BD39 /* BaseViewController.swift in Sources */ = {isa = PBXBuildFile; fileRef = F10FC118206E89620064BD39 /* BaseViewController.swift */; };
		F1C651AC206EC9360056AFD9 /* NFCReaderViewController.swift in Sources */ = {isa = PBXBuildFile; fileRef = F1C651AB206EC9360056AFD9 /* NFCReaderViewController.swift */; };
		F1C651AE206ECCE90056AFD9 /* background@3x.png in Resources */ = {isa = PBXBuildFile; fileRef = F1C651AD206ECCE90056AFD9 /* background@3x.png */; };
		F1EFB4C1206F8C46008C0F4F /* StarterViewController.swift in Sources */ = {isa = PBXBuildFile; fileRef = F1EFB4C0206F8C46008C0F4F /* StarterViewController.swift */; };
		F1EFB4C3206FBC90008C0F4F /* Extensions.swift in Sources */ = {isa = PBXBuildFile; fileRef = F1EFB4C2206FBC90008C0F4F /* Extensions.swift */; };
/* End PBXBuildFile section */

/* Begin PBXContainerItemProxy section */
		B3772C06206ADC4D005B7FFF /* PBXContainerItemProxy */ = {
			isa = PBXContainerItemProxy;
			containerPortal = B3772BE9206ADC4D005B7FFF /* Project object */;
			proxyType = 1;
			remoteGlobalIDString = B3772BF0206ADC4D005B7FFF;
			remoteInfo = "Game customer App";
		};
		B3772C11206ADC4D005B7FFF /* PBXContainerItemProxy */ = {
			isa = PBXContainerItemProxy;
			containerPortal = B3772BE9206ADC4D005B7FFF /* Project object */;
			proxyType = 1;
			remoteGlobalIDString = B3772BF0206ADC4D005B7FFF;
			remoteInfo = "Game customer App";
		};
/* End PBXContainerItemProxy section */

/* Begin PBXCopyFilesBuildPhase section */
		B3772C35206ADD76005B7FFF /* Embed Frameworks */ = {
			isa = PBXCopyFilesBuildPhase;
			buildActionMask = 2147483647;
			dstPath = "";
			dstSubfolderSpec = 10;
			files = (
			);
			name = "Embed Frameworks";
			runOnlyForDeploymentPostprocessing = 0;
		};
/* End PBXCopyFilesBuildPhase section */

/* Begin PBXFileReference section */
		03210BE68B8BE36D50E5B2BF /* Pods_Game_customer_AppTests.framework */ = {isa = PBXFileReference; explicitFileType = wrapper.framework; includeInIndex = 0; path = Pods_Game_customer_AppTests.framework; sourceTree = BUILT_PRODUCTS_DIR; };
		3C6C47E7E32FE9779420103B /* Pods-Game customer AppTests.release.xcconfig */ = {isa = PBXFileReference; includeInIndex = 1; lastKnownFileType = text.xcconfig; name = "Pods-Game customer AppTests.release.xcconfig"; path = "Pods/Target Support Files/Pods-Game customer AppTests/Pods-Game customer AppTests.release.xcconfig"; sourceTree = "<group>"; };
		45915ED811F440798C6E60D9 /* Pods_Game_customer_App.framework */ = {isa = PBXFileReference; explicitFileType = wrapper.framework; includeInIndex = 0; path = Pods_Game_customer_App.framework; sourceTree = BUILT_PRODUCTS_DIR; };
		A22C6CBFF86007507D89BA2E /* Pods-Game customer AppTests.debug.xcconfig */ = {isa = PBXFileReference; includeInIndex = 1; lastKnownFileType = text.xcconfig; name = "Pods-Game customer AppTests.debug.xcconfig"; path = "Pods/Target Support Files/Pods-Game customer AppTests/Pods-Game customer AppTests.debug.xcconfig"; sourceTree = "<group>"; };
		B0A94A7EBF8B2099B8BFFB0B /* Pods-Game customer AppUITests.release.xcconfig */ = {isa = PBXFileReference; includeInIndex = 1; lastKnownFileType = text.xcconfig; name = "Pods-Game customer AppUITests.release.xcconfig"; path = "Pods/Target Support Files/Pods-Game customer AppUITests/Pods-Game customer AppUITests.release.xcconfig"; sourceTree = "<group>"; };
		B3667225206FBECC00DBA973 /* NoInternet.xib */ = {isa = PBXFileReference; fileEncoding = 4; lastKnownFileType = file.xib; path = NoInternet.xib; sourceTree = "<group>"; };
		B370EDB5206D98600078C388 /* Constants.swift */ = {isa = PBXFileReference; fileEncoding = 4; lastKnownFileType = sourcecode.swift; path = Constants.swift; sourceTree = "<group>"; };
		B370EDB9206D9D620078C388 /* GameWalletViewController.swift */ = {isa = PBXFileReference; lastKnownFileType = sourcecode.swift; path = GameWalletViewController.swift; sourceTree = "<group>"; };
		B3772BF1206ADC4D005B7FFF /* Game customer App.app */ = {isa = PBXFileReference; explicitFileType = wrapper.application; includeInIndex = 0; path = "Game customer App.app"; sourceTree = BUILT_PRODUCTS_DIR; };
		B3772BF4206ADC4D005B7FFF /* AppDelegate.swift */ = {isa = PBXFileReference; lastKnownFileType = sourcecode.swift; path = AppDelegate.swift; sourceTree = "<group>"; };
		B3772BF6206ADC4D005B7FFF /* ViewController.swift */ = {isa = PBXFileReference; lastKnownFileType = sourcecode.swift; path = ViewController.swift; sourceTree = "<group>"; };
		B3772BF9206ADC4D005B7FFF /* Base */ = {isa = PBXFileReference; lastKnownFileType = file.storyboard; name = Base; path = Base.lproj/Main.storyboard; sourceTree = "<group>"; };
		B3772BFB206ADC4D005B7FFF /* Assets.xcassets */ = {isa = PBXFileReference; lastKnownFileType = folder.assetcatalog; path = Assets.xcassets; sourceTree = "<group>"; };
		B3772BFE206ADC4D005B7FFF /* Base */ = {isa = PBXFileReference; lastKnownFileType = file.storyboard; name = Base; path = Base.lproj/LaunchScreen.storyboard; sourceTree = "<group>"; };
		B3772C00206ADC4D005B7FFF /* Info.plist */ = {isa = PBXFileReference; lastKnownFileType = text.plist.xml; path = Info.plist; sourceTree = "<group>"; };
		B3772C05206ADC4D005B7FFF /* Game customer AppTests.xctest */ = {isa = PBXFileReference; explicitFileType = wrapper.cfbundle; includeInIndex = 0; path = "Game customer AppTests.xctest"; sourceTree = BUILT_PRODUCTS_DIR; };
		B3772C09206ADC4D005B7FFF /* Game_customer_AppTests.swift */ = {isa = PBXFileReference; lastKnownFileType = sourcecode.swift; path = Game_customer_AppTests.swift; sourceTree = "<group>"; };
		B3772C0B206ADC4D005B7FFF /* Info.plist */ = {isa = PBXFileReference; lastKnownFileType = text.plist.xml; path = Info.plist; sourceTree = "<group>"; };
		B3772C10206ADC4D005B7FFF /* Game customer AppUITests.xctest */ = {isa = PBXFileReference; explicitFileType = wrapper.cfbundle; includeInIndex = 0; path = "Game customer AppUITests.xctest"; sourceTree = BUILT_PRODUCTS_DIR; };
		B3772C14206ADC4D005B7FFF /* Game_customer_AppUITests.swift */ = {isa = PBXFileReference; lastKnownFileType = sourcecode.swift; path = Game_customer_AppUITests.swift; sourceTree = "<group>"; };
		B3772C16206ADC4D005B7FFF /* Info.plist */ = {isa = PBXFileReference; lastKnownFileType = text.plist.xml; path = Info.plist; sourceTree = "<group>"; };
		B3772C22206ADCEA005B7FFF /* MyriadPro-Bold.otf */ = {isa = PBXFileReference; lastKnownFileType = file; path = "MyriadPro-Bold.otf"; sourceTree = "<group>"; };
		B3772C23206ADCEA005B7FFF /* Myriad Pro Regular.ttf */ = {isa = PBXFileReference; lastKnownFileType = file; path = "Myriad Pro Regular.ttf"; sourceTree = "<group>"; };
		B3772C24206ADCEA005B7FFF /* Oswald-Light.ttf */ = {isa = PBXFileReference; lastKnownFileType = file; path = "Oswald-Light.ttf"; sourceTree = "<group>"; };
		B3772C25206ADCEA005B7FFF /* Oswald-Regular.ttf */ = {isa = PBXFileReference; lastKnownFileType = file; path = "Oswald-Regular.ttf"; sourceTree = "<group>"; };
		B3772C2A206ADCF9005B7FFF /* Checker.swift */ = {isa = PBXFileReference; fileEncoding = 4; lastKnownFileType = sourcecode.swift; path = Checker.swift; sourceTree = "<group>"; };
		B3772C2D206ADD59005B7FFF /* NetworkManager.swift */ = {isa = PBXFileReference; fileEncoding = 4; lastKnownFileType = sourcecode.swift; path = NetworkManager.swift; sourceTree = "<group>"; };
		B3772C36206AE1E1005B7FFF /* Objects.swift */ = {isa = PBXFileReference; fileEncoding = 4; lastKnownFileType = sourcecode.swift; path = Objects.swift; sourceTree = "<group>"; };
		B3772C38206D9221005B7FFF /* Roboto-Bold.ttf */ = {isa = PBXFileReference; lastKnownFileType = file; path = "Roboto-Bold.ttf"; sourceTree = "<group>"; };
		B3772C39206D9221005B7FFF /* Roboto-Light.ttf */ = {isa = PBXFileReference; lastKnownFileType = file; name = "Roboto-Light.ttf"; path = "../Roboto-Light.ttf"; sourceTree = "<group>"; };
		C277E75A1B42851244B438A3 /* Pods_Game_customer_AppUITests.framework */ = {isa = PBXFileReference; explicitFileType = wrapper.framework; includeInIndex = 0; path = Pods_Game_customer_AppUITests.framework; sourceTree = BUILT_PRODUCTS_DIR; };
		D5FB862812E162F6F208E935 /* Pods-Game customer App.release.xcconfig */ = {isa = PBXFileReference; includeInIndex = 1; lastKnownFileType = text.xcconfig; name = "Pods-Game customer App.release.xcconfig"; path = "Pods/Target Support Files/Pods-Game customer App/Pods-Game customer App.release.xcconfig"; sourceTree = "<group>"; };
		F10FC10D206D6E1E0064BD39 /* Game customer App.entitlements */ = {isa = PBXFileReference; lastKnownFileType = text.plist.entitlements; path = "Game customer App.entitlements"; sourceTree = "<group>"; };
		F10FC10E206D6FF40064BD39 /* NFCReader.swift */ = {isa = PBXFileReference; lastKnownFileType = sourcecode.swift; path = NFCReader.swift; sourceTree = "<group>"; };
		F10FC110206D77410064BD39 /* SignInViewController.swift */ = {isa = PBXFileReference; lastKnownFileType = sourcecode.swift; path = SignInViewController.swift; sourceTree = "<group>"; };
		F10FC114206E2B6A0064BD39 /* Roboto-Light.ttf */ = {isa = PBXFileReference; lastKnownFileType = file; path = "Roboto-Light.ttf"; sourceTree = "<group>"; };
		F10FC115206E2B6B0064BD39 /* Roboto-Medium.ttf */ = {isa = PBXFileReference; lastKnownFileType = file; path = "Roboto-Medium.ttf"; sourceTree = "<group>"; };
		F10FC116206E2B6B0064BD39 /* Roboto-Regular.ttf */ = {isa = PBXFileReference; lastKnownFileType = file; path = "Roboto-Regular.ttf"; sourceTree = "<group>"; };
		F10FC117206E2B6B0064BD39 /* Roboto-Bold.ttf */ = {isa = PBXFileReference; lastKnownFileType = file; name = "Roboto-Bold.ttf"; path = "../../../../Downloads/Roboto-Bold.ttf"; sourceTree = "<group>"; };
		F10FC118206E89620064BD39 /* BaseViewController.swift */ = {isa = PBXFileReference; lastKnownFileType = sourcecode.swift; path = BaseViewController.swift; sourceTree = "<group>"; };
		F1C651AB206EC9360056AFD9 /* NFCReaderViewController.swift */ = {isa = PBXFileReference; lastKnownFileType = sourcecode.swift; path = NFCReaderViewController.swift; sourceTree = "<group>"; };
		F1C651AD206ECCE90056AFD9 /* background@3x.png */ = {isa = PBXFileReference; lastKnownFileType = image.png; path = "background@3x.png"; sourceTree = "<group>"; };
		F1EFB4C0206F8C46008C0F4F /* StarterViewController.swift */ = {isa = PBXFileReference; lastKnownFileType = sourcecode.swift; path = StarterViewController.swift; sourceTree = "<group>"; };
		F1EFB4C2206FBC90008C0F4F /* Extensions.swift */ = {isa = PBXFileReference; lastKnownFileType = sourcecode.swift; path = Extensions.swift; sourceTree = "<group>"; };
		F35CA941FB1779A54AF3B774 /* Pods-Game customer AppUITests.debug.xcconfig */ = {isa = PBXFileReference; includeInIndex = 1; lastKnownFileType = text.xcconfig; name = "Pods-Game customer AppUITests.debug.xcconfig"; path = "Pods/Target Support Files/Pods-Game customer AppUITests/Pods-Game customer AppUITests.debug.xcconfig"; sourceTree = "<group>"; };
		F8DD5219BAA92760E49F2860 /* Pods-Game customer App.debug.xcconfig */ = {isa = PBXFileReference; includeInIndex = 1; lastKnownFileType = text.xcconfig; name = "Pods-Game customer App.debug.xcconfig"; path = "Pods/Target Support Files/Pods-Game customer App/Pods-Game customer App.debug.xcconfig"; sourceTree = "<group>"; };
/* End PBXFileReference section */

/* Begin PBXFrameworksBuildPhase section */
		B3772BEE206ADC4D005B7FFF /* Frameworks */ = {
			isa = PBXFrameworksBuildPhase;
			buildActionMask = 2147483647;
			files = (
				D261A833DC4CF876CB347888 /* Pods_Game_customer_App.framework in Frameworks */,
			);
			runOnlyForDeploymentPostprocessing = 0;
		};
		B3772C02206ADC4D005B7FFF /* Frameworks */ = {
			isa = PBXFrameworksBuildPhase;
			buildActionMask = 2147483647;
			files = (
				069B711E9597247B124E00A1 /* Pods_Game_customer_AppTests.framework in Frameworks */,
			);
			runOnlyForDeploymentPostprocessing = 0;
		};
		B3772C0D206ADC4D005B7FFF /* Frameworks */ = {
			isa = PBXFrameworksBuildPhase;
			buildActionMask = 2147483647;
			files = (
				57037600DC47FF6429F17192 /* Pods_Game_customer_AppUITests.framework in Frameworks */,
			);
			runOnlyForDeploymentPostprocessing = 0;
		};
/* End PBXFrameworksBuildPhase section */

/* Begin PBXGroup section */
		70108E97836526BDEF2D6152 /* Pods */ = {
			isa = PBXGroup;
			children = (
				F8DD5219BAA92760E49F2860 /* Pods-Game customer App.debug.xcconfig */,
				D5FB862812E162F6F208E935 /* Pods-Game customer App.release.xcconfig */,
				A22C6CBFF86007507D89BA2E /* Pods-Game customer AppTests.debug.xcconfig */,
				3C6C47E7E32FE9779420103B /* Pods-Game customer AppTests.release.xcconfig */,
				F35CA941FB1779A54AF3B774 /* Pods-Game customer AppUITests.debug.xcconfig */,
				B0A94A7EBF8B2099B8BFFB0B /* Pods-Game customer AppUITests.release.xcconfig */,
			);
			name = Pods;
			sourceTree = "<group>";
		};
		86C8DE89E3BD97DA5636CFC7 /* Frameworks */ = {
			isa = PBXGroup;
			children = (
				45915ED811F440798C6E60D9 /* Pods_Game_customer_App.framework */,
				03210BE68B8BE36D50E5B2BF /* Pods_Game_customer_AppTests.framework */,
				C277E75A1B42851244B438A3 /* Pods_Game_customer_AppUITests.framework */,
			);
			name = Frameworks;
			sourceTree = "<group>";
		};
		B3772BE8206ADC4D005B7FFF = {
			isa = PBXGroup;
			children = (
				B3772BF3206ADC4D005B7FFF /* Game customer App */,
				B3772C08206ADC4D005B7FFF /* Game customer AppTests */,
				B3772C13206ADC4D005B7FFF /* Game customer AppUITests */,
				B3772BF2206ADC4D005B7FFF /* Products */,
				70108E97836526BDEF2D6152 /* Pods */,
				86C8DE89E3BD97DA5636CFC7 /* Frameworks */,
			);
			sourceTree = "<group>";
		};
		B3772BF2206ADC4D005B7FFF /* Products */ = {
			isa = PBXGroup;
			children = (
				B3772BF1206ADC4D005B7FFF /* Game customer App.app */,
				B3772C05206ADC4D005B7FFF /* Game customer AppTests.xctest */,
				B3772C10206ADC4D005B7FFF /* Game customer AppUITests.xctest */,
			);
			name = Products;
			sourceTree = "<group>";
		};
		B3772BF3206ADC4D005B7FFF /* Game customer App */ = {
			isa = PBXGroup;
			children = (
				B3667225206FBECC00DBA973 /* NoInternet.xib */,
				B370EDB5206D98600078C388 /* Constants.swift */,
				F10FC10D206D6E1E0064BD39 /* Game customer App.entitlements */,
				B3772C2C206ADCFF005B7FFF /* Fonts */,
				B3772C2A206ADCF9005B7FFF /* Checker.swift */,
				B3772C2D206ADD59005B7FFF /* NetworkManager.swift */,
				B3772BF4206ADC4D005B7FFF /* AppDelegate.swift */,
				B3772BF6206ADC4D005B7FFF /* ViewController.swift */,
				B3772C36206AE1E1005B7FFF /* Objects.swift */,
				B3772BF8206ADC4D005B7FFF /* Main.storyboard */,
				B3772BFB206ADC4D005B7FFF /* Assets.xcassets */,
				F1C651AD206ECCE90056AFD9 /* background@3x.png */,
				B3772BFD206ADC4D005B7FFF /* LaunchScreen.storyboard */,
				B3772C00206ADC4D005B7FFF /* Info.plist */,
				F10FC10E206D6FF40064BD39 /* NFCReader.swift */,
				F10FC110206D77410064BD39 /* SignInViewController.swift */,
				B370EDB9206D9D620078C388 /* GameWalletViewController.swift */,
				F10FC118206E89620064BD39 /* BaseViewController.swift */,
				F1C651AB206EC9360056AFD9 /* NFCReaderViewController.swift */,
				F1EFB4C0206F8C46008C0F4F /* StarterViewController.swift */,
				F1EFB4C2206FBC90008C0F4F /* Extensions.swift */,
			);
			path = "Game customer App";
			sourceTree = "<group>";
		};
		B3772C08206ADC4D005B7FFF /* Game customer AppTests */ = {
			isa = PBXGroup;
			children = (
				B3772C09206ADC4D005B7FFF /* Game_customer_AppTests.swift */,
				B3772C0B206ADC4D005B7FFF /* Info.plist */,
			);
			path = "Game customer AppTests";
			sourceTree = "<group>";
		};
		B3772C13206ADC4D005B7FFF /* Game customer AppUITests */ = {
			isa = PBXGroup;
			children = (
				B3772C14206ADC4D005B7FFF /* Game_customer_AppUITests.swift */,
				B3772C16206ADC4D005B7FFF /* Info.plist */,
			);
			path = "Game customer AppUITests";
			sourceTree = "<group>";
		};
		B3772C2C206ADCFF005B7FFF /* Fonts */ = {
			isa = PBXGroup;
			children = (
				B3772C39206D9221005B7FFF /* Roboto-Light.ttf */,
				F10FC117206E2B6B0064BD39 /* Roboto-Bold.ttf */,
				F10FC114206E2B6A0064BD39 /* Roboto-Light.ttf */,
				F10FC115206E2B6B0064BD39 /* Roboto-Medium.ttf */,
				F10FC116206E2B6B0064BD39 /* Roboto-Regular.ttf */,
				B3772C23206ADCEA005B7FFF /* Myriad Pro Regular.ttf */,
				B3772C22206ADCEA005B7FFF /* MyriadPro-Bold.otf */,
				B3772C38206D9221005B7FFF /* Roboto-Bold.ttf */,
				B3772C24206ADCEA005B7FFF /* Oswald-Light.ttf */,
				B3772C25206ADCEA005B7FFF /* Oswald-Regular.ttf */,
			);
			path = Fonts;
			sourceTree = "<group>";
		};
/* End PBXGroup section */

/* Begin PBXNativeTarget section */
		B3772BF0206ADC4D005B7FFF /* Game customer App */ = {
			isa = PBXNativeTarget;
			buildConfigurationList = B3772C19206ADC4D005B7FFF /* Build configuration list for PBXNativeTarget "Game customer App" */;
			buildPhases = (
				0798A83B388FE54D4AC1C506 /* [CP] Check Pods Manifest.lock */,
				B3772BED206ADC4D005B7FFF /* Sources */,
				B3772BEE206ADC4D005B7FFF /* Frameworks */,
				B3772BEF206ADC4D005B7FFF /* Resources */,
				D5567D5AE69C01E476CB274D /* [CP] Embed Pods Frameworks */,
				BEC327B45D7C9E9D983D0A24 /* [CP] Copy Pods Resources */,
				B3772C35206ADD76005B7FFF /* Embed Frameworks */,
			);
			buildRules = (
			);
			dependencies = (
			);
			name = "Game customer App";
			productName = "Game customer App";
			productReference = B3772BF1206ADC4D005B7FFF /* Game customer App.app */;
			productType = "com.apple.product-type.application";
		};
		B3772C04206ADC4D005B7FFF /* Game customer AppTests */ = {
			isa = PBXNativeTarget;
			buildConfigurationList = B3772C1C206ADC4D005B7FFF /* Build configuration list for PBXNativeTarget "Game customer AppTests" */;
			buildPhases = (
				D34343EBC9582157419EF0E0 /* [CP] Check Pods Manifest.lock */,
				B3772C01206ADC4D005B7FFF /* Sources */,
				B3772C02206ADC4D005B7FFF /* Frameworks */,
				B3772C03206ADC4D005B7FFF /* Resources */,
				4BDADE7F2F7C8F2786A6277F /* [CP] Embed Pods Frameworks */,
				F00DD6079E9273FF8D25F0E7 /* [CP] Copy Pods Resources */,
			);
			buildRules = (
			);
			dependencies = (
				B3772C07206ADC4D005B7FFF /* PBXTargetDependency */,
			);
			name = "Game customer AppTests";
			productName = "Game customer AppTests";
			productReference = B3772C05206ADC4D005B7FFF /* Game customer AppTests.xctest */;
			productType = "com.apple.product-type.bundle.unit-test";
		};
		B3772C0F206ADC4D005B7FFF /* Game customer AppUITests */ = {
			isa = PBXNativeTarget;
			buildConfigurationList = B3772C1F206ADC4D005B7FFF /* Build configuration list for PBXNativeTarget "Game customer AppUITests" */;
			buildPhases = (
				34F0D04C0C3434FAA517EF6D /* [CP] Check Pods Manifest.lock */,
				B3772C0C206ADC4D005B7FFF /* Sources */,
				B3772C0D206ADC4D005B7FFF /* Frameworks */,
				B3772C0E206ADC4D005B7FFF /* Resources */,
				591A71DB2463692406C803CE /* [CP] Embed Pods Frameworks */,
				A9F9E7754A48D0F9379D2D68 /* [CP] Copy Pods Resources */,
			);
			buildRules = (
			);
			dependencies = (
				B3772C12206ADC4D005B7FFF /* PBXTargetDependency */,
			);
			name = "Game customer AppUITests";
			productName = "Game customer AppUITests";
			productReference = B3772C10206ADC4D005B7FFF /* Game customer AppUITests.xctest */;
			productType = "com.apple.product-type.bundle.ui-testing";
		};
/* End PBXNativeTarget section */

/* Begin PBXProject section */
		B3772BE9206ADC4D005B7FFF /* Project object */ = {
			isa = PBXProject;
			attributes = {
				LastSwiftUpdateCheck = 0920;
				LastUpgradeCheck = 0920;
				ORGANIZATIONNAME = "Elene Akhvlediani";
				TargetAttributes = {
					B3772BF0206ADC4D005B7FFF = {
						CreatedOnToolsVersion = 9.2;
						ProvisioningStyle = Automatic;
						SystemCapabilities = {
							com.apple.Push = {
								enabled = 0;
							};
						};
					};
					B3772C04206ADC4D005B7FFF = {
						CreatedOnToolsVersion = 9.2;
						ProvisioningStyle = Automatic;
						TestTargetID = B3772BF0206ADC4D005B7FFF;
					};
					B3772C0F206ADC4D005B7FFF = {
						CreatedOnToolsVersion = 9.2;
						ProvisioningStyle = Automatic;
						TestTargetID = B3772BF0206ADC4D005B7FFF;
					};
				};
			};
			buildConfigurationList = B3772BEC206ADC4D005B7FFF /* Build configuration list for PBXProject "Game customer App" */;
			compatibilityVersion = "Xcode 8.0";
			developmentRegion = en;
			hasScannedForEncodings = 0;
			knownRegions = (
				en,
				Base,
			);
			mainGroup = B3772BE8206ADC4D005B7FFF;
			productRefGroup = B3772BF2206ADC4D005B7FFF /* Products */;
			projectDirPath = "";
			projectRoot = "";
			targets = (
				B3772BF0206ADC4D005B7FFF /* Game customer App */,
				B3772C04206ADC4D005B7FFF /* Game customer AppTests */,
				B3772C0F206ADC4D005B7FFF /* Game customer AppUITests */,
			);
		};
/* End PBXProject section */

/* Begin PBXResourcesBuildPhase section */
		B3772BEF206ADC4D005B7FFF /* Resources */ = {
			isa = PBXResourcesBuildPhase;
			buildActionMask = 2147483647;
			files = (
				B3772BFF206ADC4D005B7FFF /* LaunchScreen.storyboard in Resources */,
				B3772BFC206ADC4D005B7FFF /* Assets.xcassets in Resources */,
				B3772C27206ADCEA005B7FFF /* Myriad Pro Regular.ttf in Resources */,
				F1C651AE206ECCE90056AFD9 /* background@3x.png in Resources */,
				B3772C29206ADCEA005B7FFF /* Oswald-Regular.ttf in Resources */,
				B3772C28206ADCEA005B7FFF /* Oswald-Light.ttf in Resources */,
				B3667227206FBECC00DBA973 /* NoInternet.xib in Resources */,
				B370EDB8206D9B570078C388 /* Roboto-Bold.ttf in Resources */,
				B3772C26206ADCEA005B7FFF /* MyriadPro-Bold.otf in Resources */,
				B370EDB7206D9B540078C388 /* Roboto-Light.ttf in Resources */,
				B3772BFA206ADC4D005B7FFF /* Main.storyboard in Resources */,
			);
			runOnlyForDeploymentPostprocessing = 0;
		};
		B3772C03206ADC4D005B7FFF /* Resources */ = {
			isa = PBXResourcesBuildPhase;
			buildActionMask = 2147483647;
			files = (
			);
			runOnlyForDeploymentPostprocessing = 0;
		};
		B3772C0E206ADC4D005B7FFF /* Resources */ = {
			isa = PBXResourcesBuildPhase;
			buildActionMask = 2147483647;
			files = (
			);
			runOnlyForDeploymentPostprocessing = 0;
		};
/* End PBXResourcesBuildPhase section */

/* Begin PBXShellScriptBuildPhase section */
		0798A83B388FE54D4AC1C506 /* [CP] Check Pods Manifest.lock */ = {
			isa = PBXShellScriptBuildPhase;
			buildActionMask = 2147483647;
			files = (
			);
			inputPaths = (
			);
			name = "[CP] Check Pods Manifest.lock";
			outputPaths = (
			);
			runOnlyForDeploymentPostprocessing = 0;
			shellPath = /bin/sh;
			shellScript = "diff \"${PODS_PODFILE_DIR_PATH}/Podfile.lock\" \"${PODS_ROOT}/Manifest.lock\" > /dev/null\nif [ $? != 0 ] ; then\n    # print error to STDERR\n    echo \"error: The sandbox is not in sync with the Podfile.lock. Run 'pod install' or update your CocoaPods installation.\" >&2\n    exit 1\nfi\n";
			showEnvVarsInLog = 0;
		};
		34F0D04C0C3434FAA517EF6D /* [CP] Check Pods Manifest.lock */ = {
			isa = PBXShellScriptBuildPhase;
			buildActionMask = 2147483647;
			files = (
			);
			inputPaths = (
			);
			name = "[CP] Check Pods Manifest.lock";
			outputPaths = (
			);
			runOnlyForDeploymentPostprocessing = 0;
			shellPath = /bin/sh;
			shellScript = "diff \"${PODS_PODFILE_DIR_PATH}/Podfile.lock\" \"${PODS_ROOT}/Manifest.lock\" > /dev/null\nif [ $? != 0 ] ; then\n    # print error to STDERR\n    echo \"error: The sandbox is not in sync with the Podfile.lock. Run 'pod install' or update your CocoaPods installation.\" >&2\n    exit 1\nfi\n";
			showEnvVarsInLog = 0;
		};
		4BDADE7F2F7C8F2786A6277F /* [CP] Embed Pods Frameworks */ = {
			isa = PBXShellScriptBuildPhase;
			buildActionMask = 2147483647;
			files = (
			);
			inputPaths = (
			);
			name = "[CP] Embed Pods Frameworks";
			outputPaths = (
			);
			runOnlyForDeploymentPostprocessing = 0;
			shellPath = /bin/sh;
			shellScript = "\"${SRCROOT}/Pods/Target Support Files/Pods-Game customer AppTests/Pods-Game customer AppTests-frameworks.sh\"\n";
			showEnvVarsInLog = 0;
		};
		591A71DB2463692406C803CE /* [CP] Embed Pods Frameworks */ = {
			isa = PBXShellScriptBuildPhase;
			buildActionMask = 2147483647;
			files = (
			);
			inputPaths = (
			);
			name = "[CP] Embed Pods Frameworks";
			outputPaths = (
			);
			runOnlyForDeploymentPostprocessing = 0;
			shellPath = /bin/sh;
			shellScript = "\"${SRCROOT}/Pods/Target Support Files/Pods-Game customer AppUITests/Pods-Game customer AppUITests-frameworks.sh\"\n";
			showEnvVarsInLog = 0;
		};
		A9F9E7754A48D0F9379D2D68 /* [CP] Copy Pods Resources */ = {
			isa = PBXShellScriptBuildPhase;
			buildActionMask = 2147483647;
			files = (
			);
			inputPaths = (
			);
			name = "[CP] Copy Pods Resources";
			outputPaths = (
			);
			runOnlyForDeploymentPostprocessing = 0;
			shellPath = /bin/sh;
			shellScript = "\"${SRCROOT}/Pods/Target Support Files/Pods-Game customer AppUITests/Pods-Game customer AppUITests-resources.sh\"\n";
			showEnvVarsInLog = 0;
		};
		BEC327B45D7C9E9D983D0A24 /* [CP] Copy Pods Resources */ = {
			isa = PBXShellScriptBuildPhase;
			buildActionMask = 2147483647;
			files = (
			);
			inputPaths = (
			);
			name = "[CP] Copy Pods Resources";
			outputPaths = (
			);
			runOnlyForDeploymentPostprocessing = 0;
			shellPath = /bin/sh;
			shellScript = "\"${SRCROOT}/Pods/Target Support Files/Pods-Game customer App/Pods-Game customer App-resources.sh\"\n";
			showEnvVarsInLog = 0;
		};
		D34343EBC9582157419EF0E0 /* [CP] Check Pods Manifest.lock */ = {
			isa = PBXShellScriptBuildPhase;
			buildActionMask = 2147483647;
			files = (
			);
			inputPaths = (
			);
			name = "[CP] Check Pods Manifest.lock";
			outputPaths = (
			);
			runOnlyForDeploymentPostprocessing = 0;
			shellPath = /bin/sh;
			shellScript = "diff \"${PODS_PODFILE_DIR_PATH}/Podfile.lock\" \"${PODS_ROOT}/Manifest.lock\" > /dev/null\nif [ $? != 0 ] ; then\n    # print error to STDERR\n    echo \"error: The sandbox is not in sync with the Podfile.lock. Run 'pod install' or update your CocoaPods installation.\" >&2\n    exit 1\nfi\n";
			showEnvVarsInLog = 0;
		};
		D5567D5AE69C01E476CB274D /* [CP] Embed Pods Frameworks */ = {
			isa = PBXShellScriptBuildPhase;
			buildActionMask = 2147483647;
			files = (
			);
			inputPaths = (
			);
			name = "[CP] Embed Pods Frameworks";
			outputPaths = (
			);
			runOnlyForDeploymentPostprocessing = 0;
			shellPath = /bin/sh;
			shellScript = "\"${SRCROOT}/Pods/Target Support Files/Pods-Game customer App/Pods-Game customer App-frameworks.sh\"\n";
			showEnvVarsInLog = 0;
		};
		F00DD6079E9273FF8D25F0E7 /* [CP] Copy Pods Resources */ = {
			isa = PBXShellScriptBuildPhase;
			buildActionMask = 2147483647;
			files = (
			);
			inputPaths = (
			);
			name = "[CP] Copy Pods Resources";
			outputPaths = (
			);
			runOnlyForDeploymentPostprocessing = 0;
			shellPath = /bin/sh;
			shellScript = "\"${SRCROOT}/Pods/Target Support Files/Pods-Game customer AppTests/Pods-Game customer AppTests-resources.sh\"\n";
			showEnvVarsInLog = 0;
		};
/* End PBXShellScriptBuildPhase section */

/* Begin PBXSourcesBuildPhase section */
		B3772BED206ADC4D005B7FFF /* Sources */ = {
			isa = PBXSourcesBuildPhase;
			buildActionMask = 2147483647;
			files = (
				B370EDBA206D9D620078C388 /* GameWalletViewController.swift in Sources */,
				F10FC111206D77410064BD39 /* SignInViewController.swift in Sources */,
				F1C651AC206EC9360056AFD9 /* NFCReaderViewController.swift in Sources */,
				B3772C2E206ADD59005B7FFF /* NetworkManager.swift in Sources */,
				B3772BF7206ADC4D005B7FFF /* ViewController.swift in Sources */,
				F10FC10F206D6FF40064BD39 /* NFCReader.swift in Sources */,
				F10FC119206E89620064BD39 /* BaseViewController.swift in Sources */,
				B3772C2B206ADCF9005B7FFF /* Checker.swift in Sources */,
				F1EFB4C3206FBC90008C0F4F /* Extensions.swift in Sources */,
				B3772C37206AE1E1005B7FFF /* Objects.swift in Sources */,
				B3772BF5206ADC4D005B7FFF /* AppDelegate.swift in Sources */,
				F1EFB4C1206F8C46008C0F4F /* StarterViewController.swift in Sources */,
				B370EDB6206D98600078C388 /* Constants.swift in Sources */,
			);
			runOnlyForDeploymentPostprocessing = 0;
		};
		B3772C01206ADC4D005B7FFF /* Sources */ = {
			isa = PBXSourcesBuildPhase;
			buildActionMask = 2147483647;
			files = (
				B3772C0A206ADC4D005B7FFF /* Game_customer_AppTests.swift in Sources */,
			);
			runOnlyForDeploymentPostprocessing = 0;
		};
		B3772C0C206ADC4D005B7FFF /* Sources */ = {
			isa = PBXSourcesBuildPhase;
			buildActionMask = 2147483647;
			files = (
				B3772C15206ADC4D005B7FFF /* Game_customer_AppUITests.swift in Sources */,
			);
			runOnlyForDeploymentPostprocessing = 0;
		};
/* End PBXSourcesBuildPhase section */

/* Begin PBXTargetDependency section */
		B3772C07206ADC4D005B7FFF /* PBXTargetDependency */ = {
			isa = PBXTargetDependency;
			target = B3772BF0206ADC4D005B7FFF /* Game customer App */;
			targetProxy = B3772C06206ADC4D005B7FFF /* PBXContainerItemProxy */;
		};
		B3772C12206ADC4D005B7FFF /* PBXTargetDependency */ = {
			isa = PBXTargetDependency;
			target = B3772BF0206ADC4D005B7FFF /* Game customer App */;
			targetProxy = B3772C11206ADC4D005B7FFF /* PBXContainerItemProxy */;
		};
/* End PBXTargetDependency section */

/* Begin PBXVariantGroup section */
		B3772BF8206ADC4D005B7FFF /* Main.storyboard */ = {
			isa = PBXVariantGroup;
			children = (
				B3772BF9206ADC4D005B7FFF /* Base */,
			);
			name = Main.storyboard;
			sourceTree = "<group>";
		};
		B3772BFD206ADC4D005B7FFF /* LaunchScreen.storyboard */ = {
			isa = PBXVariantGroup;
			children = (
				B3772BFE206ADC4D005B7FFF /* Base */,
			);
			name = LaunchScreen.storyboard;
			sourceTree = "<group>";
		};
/* End PBXVariantGroup section */

/* Begin XCBuildConfiguration section */
		B3772C17206ADC4D005B7FFF /* Debug */ = {
			isa = XCBuildConfiguration;
			buildSettings = {
				ALWAYS_SEARCH_USER_PATHS = NO;
				CLANG_ANALYZER_NONNULL = YES;
				CLANG_ANALYZER_NUMBER_OBJECT_CONVERSION = YES_AGGRESSIVE;
				CLANG_CXX_LANGUAGE_STANDARD = "gnu++14";
				CLANG_CXX_LIBRARY = "libc++";
				CLANG_ENABLE_MODULES = YES;
				CLANG_ENABLE_OBJC_ARC = YES;
				CLANG_WARN_BLOCK_CAPTURE_AUTORELEASING = YES;
				CLANG_WARN_BOOL_CONVERSION = YES;
				CLANG_WARN_COMMA = YES;
				CLANG_WARN_CONSTANT_CONVERSION = YES;
				CLANG_WARN_DIRECT_OBJC_ISA_USAGE = YES_ERROR;
				CLANG_WARN_DOCUMENTATION_COMMENTS = YES;
				CLANG_WARN_EMPTY_BODY = YES;
				CLANG_WARN_ENUM_CONVERSION = YES;
				CLANG_WARN_INFINITE_RECURSION = YES;
				CLANG_WARN_INT_CONVERSION = YES;
				CLANG_WARN_NON_LITERAL_NULL_CONVERSION = YES;
				CLANG_WARN_OBJC_LITERAL_CONVERSION = YES;
				CLANG_WARN_OBJC_ROOT_CLASS = YES_ERROR;
				CLANG_WARN_RANGE_LOOP_ANALYSIS = YES;
				CLANG_WARN_STRICT_PROTOTYPES = YES;
				CLANG_WARN_SUSPICIOUS_MOVE = YES;
				CLANG_WARN_UNGUARDED_AVAILABILITY = YES_AGGRESSIVE;
				CLANG_WARN_UNREACHABLE_CODE = YES;
				CLANG_WARN__DUPLICATE_METHOD_MATCH = YES;
				CODE_SIGN_IDENTITY = "iPhone Developer";
				COPY_PHASE_STRIP = NO;
				DEBUG_INFORMATION_FORMAT = dwarf;
				ENABLE_STRICT_OBJC_MSGSEND = YES;
				ENABLE_TESTABILITY = YES;
				GCC_C_LANGUAGE_STANDARD = gnu11;
				GCC_DYNAMIC_NO_PIC = NO;
				GCC_NO_COMMON_BLOCKS = YES;
				GCC_OPTIMIZATION_LEVEL = 0;
				GCC_PREPROCESSOR_DEFINITIONS = (
					"DEBUG=1",
					"$(inherited)",
				);
				GCC_WARN_64_TO_32_BIT_CONVERSION = YES;
				GCC_WARN_ABOUT_RETURN_TYPE = YES_ERROR;
				GCC_WARN_UNDECLARED_SELECTOR = YES;
				GCC_WARN_UNINITIALIZED_AUTOS = YES_AGGRESSIVE;
				GCC_WARN_UNUSED_FUNCTION = YES;
				GCC_WARN_UNUSED_VARIABLE = YES;
				IPHONEOS_DEPLOYMENT_TARGET = 11.2;
				MTL_ENABLE_DEBUG_INFO = YES;
				ONLY_ACTIVE_ARCH = YES;
				SDKROOT = iphoneos;
				SWIFT_ACTIVE_COMPILATION_CONDITIONS = DEBUG;
				SWIFT_OPTIMIZATION_LEVEL = "-Onone";
			};
			name = Debug;
		};
		B3772C18206ADC4D005B7FFF /* Release */ = {
			isa = XCBuildConfiguration;
			buildSettings = {
				ALWAYS_SEARCH_USER_PATHS = NO;
				CLANG_ANALYZER_NONNULL = YES;
				CLANG_ANALYZER_NUMBER_OBJECT_CONVERSION = YES_AGGRESSIVE;
				CLANG_CXX_LANGUAGE_STANDARD = "gnu++14";
				CLANG_CXX_LIBRARY = "libc++";
				CLANG_ENABLE_MODULES = YES;
				CLANG_ENABLE_OBJC_ARC = YES;
				CLANG_WARN_BLOCK_CAPTURE_AUTORELEASING = YES;
				CLANG_WARN_BOOL_CONVERSION = YES;
				CLANG_WARN_COMMA = YES;
				CLANG_WARN_CONSTANT_CONVERSION = YES;
				CLANG_WARN_DIRECT_OBJC_ISA_USAGE = YES_ERROR;
				CLANG_WARN_DOCUMENTATION_COMMENTS = YES;
				CLANG_WARN_EMPTY_BODY = YES;
				CLANG_WARN_ENUM_CONVERSION = YES;
				CLANG_WARN_INFINITE_RECURSION = YES;
				CLANG_WARN_INT_CONVERSION = YES;
				CLANG_WARN_NON_LITERAL_NULL_CONVERSION = YES;
				CLANG_WARN_OBJC_LITERAL_CONVERSION = YES;
				CLANG_WARN_OBJC_ROOT_CLASS = YES_ERROR;
				CLANG_WARN_RANGE_LOOP_ANALYSIS = YES;
				CLANG_WARN_STRICT_PROTOTYPES = YES;
				CLANG_WARN_SUSPICIOUS_MOVE = YES;
				CLANG_WARN_UNGUARDED_AVAILABILITY = YES_AGGRESSIVE;
				CLANG_WARN_UNREACHABLE_CODE = YES;
				CLANG_WARN__DUPLICATE_METHOD_MATCH = YES;
				CODE_SIGN_IDENTITY = "iPhone Developer";
				COPY_PHASE_STRIP = NO;
				DEBUG_INFORMATION_FORMAT = "dwarf-with-dsym";
				ENABLE_NS_ASSERTIONS = NO;
				ENABLE_STRICT_OBJC_MSGSEND = YES;
				GCC_C_LANGUAGE_STANDARD = gnu11;
				GCC_NO_COMMON_BLOCKS = YES;
				GCC_WARN_64_TO_32_BIT_CONVERSION = YES;
				GCC_WARN_ABOUT_RETURN_TYPE = YES_ERROR;
				GCC_WARN_UNDECLARED_SELECTOR = YES;
				GCC_WARN_UNINITIALIZED_AUTOS = YES_AGGRESSIVE;
				GCC_WARN_UNUSED_FUNCTION = YES;
				GCC_WARN_UNUSED_VARIABLE = YES;
				IPHONEOS_DEPLOYMENT_TARGET = 11.2;
				MTL_ENABLE_DEBUG_INFO = NO;
				SDKROOT = iphoneos;
				SWIFT_OPTIMIZATION_LEVEL = "-Owholemodule";
				VALIDATE_PRODUCT = YES;
			};
			name = Release;
		};
		B3772C1A206ADC4D005B7FFF /* Debug */ = {
			isa = XCBuildConfiguration;
			baseConfigurationReference = F8DD5219BAA92760E49F2860 /* Pods-Game customer App.debug.xcconfig */;
			buildSettings = {
				ASSETCATALOG_COMPILER_APPICON_NAME = AppIcon;
				CODE_SIGN_ENTITLEMENTS = "Game customer App/Game customer App.entitlements";
				CODE_SIGN_STYLE = Automatic;
				DEVELOPMENT_TEAM = 2JRMM9T3SB;
				INFOPLIST_FILE = "Game customer App/Info.plist";
				IPHONEOS_DEPLOYMENT_TARGET = 11.0;
				LD_RUNPATH_SEARCH_PATHS = "$(inherited) @executable_path/Frameworks";
				PRODUCT_BUNDLE_IDENTIFIER = com.rubean.RubeanGame;
				PRODUCT_NAME = "$(TARGET_NAME)";
				SWIFT_VERSION = 4.0;
				TARGETED_DEVICE_FAMILY = "1,2";
			};
			name = Debug;
		};
		B3772C1B206ADC4D005B7FFF /* Release */ = {
			isa = XCBuildConfiguration;
			baseConfigurationReference = D5FB862812E162F6F208E935 /* Pods-Game customer App.release.xcconfig */;
			buildSettings = {
				ASSETCATALOG_COMPILER_APPICON_NAME = AppIcon;
				CODE_SIGN_ENTITLEMENTS = "Game customer App/Game customer App.entitlements";
				CODE_SIGN_STYLE = Automatic;
				DEVELOPMENT_TEAM = 2JRMM9T3SB;
				INFOPLIST_FILE = "Game customer App/Info.plist";
				IPHONEOS_DEPLOYMENT_TARGET = 11.0;
				LD_RUNPATH_SEARCH_PATHS = "$(inherited) @executable_path/Frameworks";
				PRODUCT_BUNDLE_IDENTIFIER = com.rubean.RubeanGame;
				PRODUCT_NAME = "$(TARGET_NAME)";
				SWIFT_VERSION = 4.0;
				TARGETED_DEVICE_FAMILY = "1,2";
			};
			name = Release;
		};
		B3772C1D206ADC4D005B7FFF /* Debug */ = {
			isa = XCBuildConfiguration;
			baseConfigurationReference = A22C6CBFF86007507D89BA2E /* Pods-Game customer AppTests.debug.xcconfig */;
			buildSettings = {
				ALWAYS_EMBED_SWIFT_STANDARD_LIBRARIES = YES;
				BUNDLE_LOADER = "$(TEST_HOST)";
				CODE_SIGN_STYLE = Automatic;
				DEVELOPMENT_TEAM = 2JRMM9T3SB;
				INFOPLIST_FILE = "Game customer AppTests/Info.plist";
				LD_RUNPATH_SEARCH_PATHS = "$(inherited) @executable_path/Frameworks @loader_path/Frameworks";
				PRODUCT_BUNDLE_IDENTIFIER = "rubean.Game-customer-AppTests";
				PRODUCT_NAME = "$(TARGET_NAME)";
				SWIFT_VERSION = 4.0;
				TARGETED_DEVICE_FAMILY = "1,2";
				TEST_HOST = "$(BUILT_PRODUCTS_DIR)/Game customer App.app/Game customer App";
			};
			name = Debug;
		};
		B3772C1E206ADC4D005B7FFF /* Release */ = {
			isa = XCBuildConfiguration;
			baseConfigurationReference = 3C6C47E7E32FE9779420103B /* Pods-Game customer AppTests.release.xcconfig */;
			buildSettings = {
				ALWAYS_EMBED_SWIFT_STANDARD_LIBRARIES = YES;
				BUNDLE_LOADER = "$(TEST_HOST)";
				CODE_SIGN_STYLE = Automatic;
				DEVELOPMENT_TEAM = 2JRMM9T3SB;
				INFOPLIST_FILE = "Game customer AppTests/Info.plist";
				LD_RUNPATH_SEARCH_PATHS = "$(inherited) @executable_path/Frameworks @loader_path/Frameworks";
				PRODUCT_BUNDLE_IDENTIFIER = "rubean.Game-customer-AppTests";
				PRODUCT_NAME = "$(TARGET_NAME)";
				SWIFT_VERSION = 4.0;
				TARGETED_DEVICE_FAMILY = "1,2";
				TEST_HOST = "$(BUILT_PRODUCTS_DIR)/Game customer App.app/Game customer App";
			};
			name = Release;
		};
		B3772C20206ADC4D005B7FFF /* Debug */ = {
			isa = XCBuildConfiguration;
			baseConfigurationReference = F35CA941FB1779A54AF3B774 /* Pods-Game customer AppUITests.debug.xcconfig */;
			buildSettings = {
				ALWAYS_EMBED_SWIFT_STANDARD_LIBRARIES = YES;
				CODE_SIGN_STYLE = Automatic;
				DEVELOPMENT_TEAM = 2JRMM9T3SB;
				INFOPLIST_FILE = "Game customer AppUITests/Info.plist";
				LD_RUNPATH_SEARCH_PATHS = "$(inherited) @executable_path/Frameworks @loader_path/Frameworks";
				PRODUCT_BUNDLE_IDENTIFIER = "rubean.Game-customer-AppUITests";
				PRODUCT_NAME = "$(TARGET_NAME)";
				SWIFT_VERSION = 4.0;
				TARGETED_DEVICE_FAMILY = "1,2";
				TEST_TARGET_NAME = "Game customer App";
			};
			name = Debug;
		};
		B3772C21206ADC4D005B7FFF /* Release */ = {
			isa = XCBuildConfiguration;
			baseConfigurationReference = B0A94A7EBF8B2099B8BFFB0B /* Pods-Game customer AppUITests.release.xcconfig */;
			buildSettings = {
				ALWAYS_EMBED_SWIFT_STANDARD_LIBRARIES = YES;
				CODE_SIGN_STYLE = Automatic;
				DEVELOPMENT_TEAM = 2JRMM9T3SB;
				INFOPLIST_FILE = "Game customer AppUITests/Info.plist";
				LD_RUNPATH_SEARCH_PATHS = "$(inherited) @executable_path/Frameworks @loader_path/Frameworks";
				PRODUCT_BUNDLE_IDENTIFIER = "rubean.Game-customer-AppUITests";
				PRODUCT_NAME = "$(TARGET_NAME)";
				SWIFT_VERSION = 4.0;
				TARGETED_DEVICE_FAMILY = "1,2";
				TEST_TARGET_NAME = "Game customer App";
			};
			name = Release;
		};
/* End XCBuildConfiguration section */

/* Begin XCConfigurationList section */
		B3772BEC206ADC4D005B7FFF /* Build configuration list for PBXProject "Game customer App" */ = {
			isa = XCConfigurationList;
			buildConfigurations = (
				B3772C17206ADC4D005B7FFF /* Debug */,
				B3772C18206ADC4D005B7FFF /* Release */,
			);
			defaultConfigurationIsVisible = 0;
			defaultConfigurationName = Release;
		};
		B3772C19206ADC4D005B7FFF /* Build configuration list for PBXNativeTarget "Game customer App" */ = {
			isa = XCConfigurationList;
			buildConfigurations = (
				B3772C1A206ADC4D005B7FFF /* Debug */,
				B3772C1B206ADC4D005B7FFF /* Release */,
			);
			defaultConfigurationIsVisible = 0;
			defaultConfigurationName = Release;
		};
		B3772C1C206ADC4D005B7FFF /* Build configuration list for PBXNativeTarget "Game customer AppTests" */ = {
			isa = XCConfigurationList;
			buildConfigurations = (
				B3772C1D206ADC4D005B7FFF /* Debug */,
				B3772C1E206ADC4D005B7FFF /* Release */,
			);
			defaultConfigurationIsVisible = 0;
			defaultConfigurationName = Release;
		};
		B3772C1F206ADC4D005B7FFF /* Build configuration list for PBXNativeTarget "Game customer AppUITests" */ = {
			isa = XCConfigurationList;
			buildConfigurations = (
				B3772C20206ADC4D005B7FFF /* Debug */,
				B3772C21206ADC4D005B7FFF /* Release */,
			);
			defaultConfigurationIsVisible = 0;
			defaultConfigurationName = Release;
		};
/* End XCConfigurationList section */
	};
	rootObject = B3772BE9206ADC4D005B7FFF /* Project object */;
}
